{
  "name": "backend",
  "lockfileVersion": 3,
  "requires": true,
  "packages": {
    "": {
      "dependencies": {
        "@codegenie/serverless-express": "^4.14.0"
      }
    },
    "node_modules/@codegenie/serverless-express": {
      "version": "4.14.0",
      "resolved": "https://registry.npmjs.org/@codegenie/serverless-express/-/serverless-express-4.14.0.tgz",
      "integrity": "sha512-74hOQzHz+rEhDtTKIdAZ/Gks/PGc9JHxKULBrVl5WBComGv6ceJHewdEKNfDtwPo7d1LKidNFJ2QXGO5pZr2tQ==",
      "engines": {
        "node": ">=12"
      }
    }
  }
}
